{
  "version": 4,
  "terraform_version": "1.2.8",
  "serial": 11,
  "lineage": "8cea02d1-0e83-4fd4-d7da-f9a8cceebdbd",
  "outputs": {
    "PrivateIP": {
      "value": "172.31.20.24",
      "type": "string"
    },
    "PublicIP": {
      "value": "54.91.140.70",
      "type": "string"
    }
  },
  "resources": [
    {
      "mode": "managed",
      "type": "aws_instance",
      "name": "dove-inst",
      "provider": "provider[\"registry.terraform.io/hashicorp/aws\"]",
      "instances": [
        {
          "schema_version": 1,
          "attributes": {
            "ami": "ami-05fa00d4c63e32376",
            "arn": "arn:aws:ec2:us-east-1:736833655309:instance/i-03145c3917cf46b30",
            "associate_public_ip_address": true,
            "availability_zone": "us-east-1a",
            "capacity_reservation_specification": [
              {
                "capacity_reservation_preference": "open",
                "capacity_reservation_target": []
              }
            ],
            "cpu_core_count": 1,
            "cpu_threads_per_core": 1,
            "credit_specification": [
              {
                "cpu_credits": "standard"
              }
            ],
            "disable_api_stop": false,
            "disable_api_termination": false,
            "ebs_block_device": [],
            "ebs_optimized": false,
            "enclave_options": [
              {
                "enabled": false
              }
            ],
            "ephemeral_block_device": [],
            "get_password_data": false,
            "hibernation": false,
            "host_id": null,
            "host_resource_group_arn": null,
            "iam_instance_profile": "",
            "id": "i-03145c3917cf46b30",
            "instance_initiated_shutdown_behavior": "stop",
            "instance_state": "running",
            "instance_type": "t2.micro",
            "ipv6_address_count": 0,
            "ipv6_addresses": [],
            "key_name": "dovekey",
            "launch_template": [],
            "maintenance_options": [
              {
                "auto_recovery": "default"
              }
            ],
            "metadata_options": [
              {
                "http_endpoint": "enabled",
                "http_put_response_hop_limit": 1,
                "http_tokens": "optional",
                "instance_metadata_tags": "disabled"
              }
            ],
            "monitoring": false,
            "network_interface": [],
            "outpost_arn": "",
            "password_data": "",
            "placement_group": "",
            "placement_partition_number": null,
            "primary_network_interface_id": "eni-05d7f8285d0ee1466",
            "private_dns": "ip-172-31-20-24.ec2.internal",
            "private_dns_name_options": [
              {
                "enable_resource_name_dns_a_record": false,
                "enable_resource_name_dns_aaaa_record": false,
                "hostname_type": "ip-name"
              }
            ],
            "private_ip": "172.31.20.24",
            "public_dns": "ec2-54-91-140-70.compute-1.amazonaws.com",
            "public_ip": "54.91.140.70",
            "root_block_device": [
              {
                "delete_on_termination": true,
                "device_name": "/dev/xvda",
                "encrypted": false,
                "iops": 100,
                "kms_key_id": "",
                "tags": {},
                "throughput": 0,
                "volume_id": "vol-0f02d65602f940217",
                "volume_size": 8,
                "volume_type": "gp2"
              }
            ],
            "secondary_private_ips": [],
            "security_groups": [
              "TF-SG"
            ],
            "source_dest_check": true,
            "subnet_id": "subnet-02d48e789b1270063",
            "tags": {
              "Name": "Dove-Instance",
              "project": "Dove in the sky"
            },
            "tags_all": {
              "Name": "Dove-Instance",
              "project": "Dove in the sky"
            },
            "tenancy": "default",
            "timeouts": null,
            "user_data": null,
            "user_data_base64": null,
            "user_data_replace_on_change": false,
            "volume_tags": null,
            "vpc_security_group_ids": [
              "sg-067d0d892b6d869bc"
            ]
          },
          "sensitive_attributes": [],
          "private": "eyJlMmJmYjczMC1lY2FhLTExZTYtOGY4OC0zNDM2M2JjN2M0YzAiOnsiY3JlYXRlIjo2MDAwMDAwMDAwMDAsImRlbGV0ZSI6MTIwMDAwMDAwMDAwMCwidXBkYXRlIjo2MDAwMDAwMDAwMDB9LCJzY2hlbWFfdmVyc2lvbiI6IjEifQ==",
          "dependencies": [
            "aws_key_pair.dove-key"
          ]
        }
      ]
    },
    {
      "mode": "managed",
      "type": "aws_key_pair",
      "name": "dove-key",
      "provider": "provider[\"registry.terraform.io/hashicorp/aws\"]",
      "instances": [
        {
          "schema_version": 1,
          "attributes": {
            "arn": "arn:aws:ec2:us-east-1:736833655309:key-pair/dovekey",
            "fingerprint": "09:d4:50:eb:89:ba:59:42:ac:e7:e8:2f:0e:78:c3:ce",
            "id": "dovekey",
            "key_name": "dovekey",
            "key_name_prefix": "",
            "key_pair_id": "key-076dd9ba0fd89a65a",
            "key_type": "rsa",
            "public_key": "ssh-rsa AAAAB3NzaC1yc2EAAAADAQABAAABgQDNyLy0DmB7SL663lWuypDkw7kdJVLiDdzYJMUvqR2NJnEvNnP0CZFvhCgkyt3jXGd5Yo8jTt2SI+TddHgxBCCX6VY5Vn+9Nvtgo5MrHiVW4l535VWB+s520MKl30egtLri4ejS+PgRMjxBeWlSAAx2pmlJ8xyRDSqBO68pja6hvSBwvo3ByVJO06iAsWysPiO5FSk++Z5Ta6lK++Tkc9Pgf+0YdE+w/DNrDOlq88MWvmMZFPdBxN3ofG8p9GwgiFlpjQ77fCAbXZeBzcdAFuOvJR7unIZTqmX7YuSRPyj/goU/uCoWfbXfF4mvh/w+bP59W8z6BFO1nOU5mDJc0RJFFxo7Irpt1BF3r2i8mepitzvUkXLDPaYjFUz0Qn1mFXojKVVqBIjwRdBU12iVEYP1I+J/0LcEt3w6ov3IK4pBevTlI/Aip7AP0SbsjDXNd4/kMCJixnFm1m5rjwmxjsVPmdaLcqLBwuaXoKwTxTc5HukeQ4Xewo3tbcp7V+ZV8Vc= MOBI@systemd",
            "tags": null,
            "tags_all": {}
          },
          "sensitive_attributes": [],
          "private": "eyJzY2hlbWFfdmVyc2lvbiI6IjEifQ=="
        }
      ]
    }
  ]
}
